// !$*UTF8*$!
{
	archiveVersion = 1;
	classes = {
	};
	objectVersion = 46;
	objects = {

/* Begin PBXBuildFile section */
		1ACDF56B17EFAA6900728054 /* Foundation.framework in Frameworks */ = {isa = PBXBuildFile; fileRef = 1ACDF56A17EFAA6900728054 /* Foundation.framework */; };
		1ACDF56D17EFAA6900728054 /* CoreGraphics.framework in Frameworks */ = {isa = PBXBuildFile; fileRef = 1ACDF56C17EFAA6900728054 /* CoreGraphics.framework */; };
		1ACDF56F17EFAA6900728054 /* UIKit.framework in Frameworks */ = {isa = PBXBuildFile; fileRef = 1ACDF56E17EFAA6900728054 /* UIKit.framework */; };
		1ACDF57517EFAA6900728054 /* InfoPlist.strings in Resources */ = {isa = PBXBuildFile; fileRef = 1ACDF57317EFAA6900728054 /* InfoPlist.strings */; };
		1ACDF57717EFAA6900728054 /* main.m in Sources */ = {isa = PBXBuildFile; fileRef = 1ACDF57617EFAA6900728054 /* main.m */; };
		1ACDF57B17EFAA6900728054 /* SUAppDelegate.m in Sources */ = {isa = PBXBuildFile; fileRef = 1ACDF57A17EFAA6900728054 /* SUAppDelegate.m */; };
		1ACDF57E17EFAA6900728054 /* Main_iPhone.storyboard in Resources */ = {isa = PBXBuildFile; fileRef = 1ACDF57C17EFAA6900728054 /* Main_iPhone.storyboard */; };
		1ACDF58117EFAA6900728054 /* Main_iPad.storyboard in Resources */ = {isa = PBXBuildFile; fileRef = 1ACDF57F17EFAA6900728054 /* Main_iPad.storyboard */; };
		1ACDF58417EFAA6900728054 /* SUViewController.m in Sources */ = {isa = PBXBuildFile; fileRef = 1ACDF58317EFAA6900728054 /* SUViewController.m */; };
		1ACDF58617EFAA6900728054 /* Images.xcassets in Resources */ = {isa = PBXBuildFile; fileRef = 1ACDF58517EFAA6900728054 /* Images.xcassets */; };
		1ACDF58D17EFAA6900728054 /* XCTest.framework in Frameworks */ = {isa = PBXBuildFile; fileRef = 1ACDF58C17EFAA6900728054 /* XCTest.framework */; };
		1ACDF58E17EFAA6900728054 /* Foundation.framework in Frameworks */ = {isa = PBXBuildFile; fileRef = 1ACDF56A17EFAA6900728054 /* Foundation.framework */; };
		1ACDF58F17EFAA6900728054 /* UIKit.framework in Frameworks */ = {isa = PBXBuildFile; fileRef = 1ACDF56E17EFAA6900728054 /* UIKit.framework */; };
		1ACDF59717EFAA6900728054 /* InfoPlist.strings in Resources */ = {isa = PBXBuildFile; fileRef = 1ACDF59517EFAA6900728054 /* InfoPlist.strings */; };
		1ACDF59917EFAA6900728054 /* ShortyTests.m in Sources */ = {isa = PBXBuildFile; fileRef = 1ACDF59817EFAA6900728054 /* ShortyTests.m */; };
/* End PBXBuildFile section */

/* Begin PBXContainerItemProxy section */
		1ACDF59017EFAA6900728054 /* PBXContainerItemProxy */ = {
			isa = PBXContainerItemProxy;
			containerPortal = 1ACDF55F17EFAA6900728054 /* Project object */;
			proxyType = 1;
			remoteGlobalIDString = 1ACDF56617EFAA6900728054;
			remoteInfo = Shorty;
		};
/* End PBXContainerItemProxy section */

/* Begin PBXFileReference section */
		1ACDF56717EFAA6900728054 /* Shorty.app */ = {isa = PBXFileReference; explicitFileType = wrapper.application; includeInIndex = 0; path = Shorty.app; sourceTree = BUILT_PRODUCTS_DIR; };
		1ACDF56A17EFAA6900728054 /* Foundation.framework */ = {isa = PBXFileReference; lastKnownFileType = wrapper.framework; name = Foundation.framework; path = System/Library/Frameworks/Foundation.framework; sourceTree = SDKROOT; };
		1ACDF56C17EFAA6900728054 /* CoreGraphics.framework */ = {isa = PBXFileReference; lastKnownFileType = wrapper.framework; name = CoreGraphics.framework; path = System/Library/Frameworks/CoreGraphics.framework; sourceTree = SDKROOT; };
		1ACDF56E17EFAA6900728054 /* UIKit.framework */ = {isa = PBXFileReference; lastKnownFileType = wrapper.framework; name = UIKit.framework; path = System/Library/Frameworks/UIKit.framework; sourceTree = SDKROOT; };
		1ACDF57217EFAA6900728054 /* Shorty-Info.plist */ = {isa = PBXFileReference; lastKnownFileType = text.plist.xml; path = "Shorty-Info.plist"; sourceTree = "<group>"; };
		1ACDF57417EFAA6900728054 /* en */ = {isa = PBXFileReference; lastKnownFileType = text.plist.strings; name = en; path = en.lproj/InfoPlist.strings; sourceTree = "<group>"; };
		1ACDF57617EFAA6900728054 /* main.m */ = {isa = PBXFileReference; lastKnownFileType = sourcecode.c.objc; path = main.m; sourceTree = "<group>"; };
		1ACDF57817EFAA6900728054 /* Shorty-Prefix.pch */ = {isa = PBXFileReference; lastKnownFileType = sourcecode.c.h; path = "Shorty-Prefix.pch"; sourceTree = "<group>"; };
		1ACDF57917EFAA6900728054 /* SUAppDelegate.h */ = {isa = PBXFileReference; lastKnownFileType = sourcecode.c.h; path = SUAppDelegate.h; sourceTree = "<group>"; };
		1ACDF57A17EFAA6900728054 /* SUAppDelegate.m */ = {isa = PBXFileReference; lastKnownFileType = sourcecode.c.objc; path = SUAppDelegate.m; sourceTree = "<group>"; };
		1ACDF57D17EFAA6900728054 /* Base */ = {isa = PBXFileReference; lastKnownFileType = file.storyboard; name = Base; path = Base.lproj/Main_iPhone.storyboard; sourceTree = "<group>"; };
		1ACDF58017EFAA6900728054 /* Base */ = {isa = PBXFileReference; lastKnownFileType = file.storyboard; name = Base; path = Base.lproj/Main_iPad.storyboard; sourceTree = "<group>"; };
		1ACDF58217EFAA6900728054 /* SUViewController.h */ = {isa = PBXFileReference; lastKnownFileType = sourcecode.c.h; path = SUViewController.h; sourceTree = "<group>"; };
		1ACDF58317EFAA6900728054 /* SUViewController.m */ = {isa = PBXFileReference; lastKnownFileType = sourcecode.c.objc; path = SUViewController.m; sourceTree = "<group>"; };
		1ACDF58517EFAA6900728054 /* Images.xcassets */ = {isa = PBXFileReference; lastKnownFileType = folder.assetcatalog; path = Images.xcassets; sourceTree = "<group>"; };
		1ACDF58B17EFAA6900728054 /* ShortyTests.xctest */ = {isa = PBXFileReference; explicitFileType = wrapper.cfbundle; includeInIndex = 0; path = ShortyTests.xctest; sourceTree = BUILT_PRODUCTS_DIR; };
		1ACDF58C17EFAA6900728054 /* XCTest.framework */ = {isa = PBXFileReference; lastKnownFileType = wrapper.framework; name = XCTest.framework; path = Library/Frameworks/XCTest.framework; sourceTree = DEVELOPER_DIR; };
		1ACDF59417EFAA6900728054 /* ShortyTests-Info.plist */ = {isa = PBXFileReference; lastKnownFileType = text.plist.xml; path = "ShortyTests-Info.plist"; sourceTree = "<group>"; };
		1ACDF59617EFAA6900728054 /* en */ = {isa = PBXFileReference; lastKnownFileType = text.plist.strings; name = en; path = en.lproj/InfoPlist.strings; sourceTree = "<group>"; };
		1ACDF59817EFAA6900728054 /* ShortyTests.m */ = {isa = PBXFileReference; lastKnownFileType = sourcecode.c.objc; path = ShortyTests.m; sourceTree = "<group>"; };
/* End PBXFileReference section */

/* Begin PBXFrameworksBuildPhase section */
		1ACDF56417EFAA6900728054 /* Frameworks */ = {
			isa = PBXFrameworksBuildPhase;
			buildActionMask = 2147483647;
			files = (
				1ACDF56D17EFAA6900728054 /* CoreGraphics.framework in Frameworks */,
				1ACDF56F17EFAA6900728054 /* UIKit.framework in Frameworks */,
				1ACDF56B17EFAA6900728054 /* Foundation.framework in Frameworks */,
			);
			runOnlyForDeploymentPostprocessing = 0;
		};
		1ACDF58817EFAA6900728054 /* Frameworks */ = {
			isa = PBXFrameworksBuildPhase;
			buildActionMask = 2147483647;
			files = (
				1ACDF58D17EFAA6900728054 /* XCTest.framework in Frameworks */,
				1ACDF58F17EFAA6900728054 /* UIKit.framework in Frameworks */,
				1ACDF58E17EFAA6900728054 /* Foundation.framework in Frameworks */,
			);
			runOnlyForDeploymentPostprocessing = 0;
		};
/* End PBXFrameworksBuildPhase section */

/* Begin PBXGroup section */
		1ACDF55E17EFAA6900728054 = {
			isa = PBXGroup;
			children = (
				1ACDF57017EFAA6900728054 /* Shorty */,
				1ACDF59217EFAA6900728054 /* ShortyTests */,
				1ACDF56917EFAA6900728054 /* Frameworks */,
				1ACDF56817EFAA6900728054 /* Products */,
			);
			sourceTree = "<group>";
		};
		1ACDF56817EFAA6900728054 /* Products */ = {
			isa = PBXGroup;
			children = (
				1ACDF56717EFAA6900728054 /* Shorty.app */,
				1ACDF58B17EFAA6900728054 /* ShortyTests.xctest */,
			);
			name = Products;
			sourceTree = "<group>";
		};
		1ACDF56917EFAA6900728054 /* Frameworks */ = {
			isa = PBXGroup;
			children = (
				1ACDF56A17EFAA6900728054 /* Foundation.framework */,
				1ACDF56C17EFAA6900728054 /* CoreGraphics.framework */,
				1ACDF56E17EFAA6900728054 /* UIKit.framework */,
				1ACDF58C17EFAA6900728054 /* XCTest.framework */,
			);
			name = Frameworks;
			sourceTree = "<group>";
		};
		1ACDF57017EFAA6900728054 /* Shorty */ = {
			isa = PBXGroup;
			children = (
				1ACDF57917EFAA6900728054 /* SUAppDelegate.h */,
				1ACDF57A17EFAA6900728054 /* SUAppDelegate.m */,
				1ACDF57C17EFAA6900728054 /* Main_iPhone.storyboard */,
				1ACDF57F17EFAA6900728054 /* Main_iPad.storyboard */,
				1ACDF58217EFAA6900728054 /* SUViewController.h */,
				1ACDF58317EFAA6900728054 /* SUViewController.m */,
				1ACDF58517EFAA6900728054 /* Images.xcassets */,
				1ACDF57117EFAA6900728054 /* Supporting Files */,
			);
			path = Shorty;
			sourceTree = "<group>";
		};
		1ACDF57117EFAA6900728054 /* Supporting Files */ = {
			isa = PBXGroup;
			children = (
				1ACDF57217EFAA6900728054 /* Shorty-Info.plist */,
				1ACDF57317EFAA6900728054 /* InfoPlist.strings */,
				1ACDF57617EFAA6900728054 /* main.m */,
				1ACDF57817EFAA6900728054 /* Shorty-Prefix.pch */,
			);
			name = "Supporting Files";
			sourceTree = "<group>";
		};
		1ACDF59217EFAA6900728054 /* ShortyTests */ = {
			isa = PBXGroup;
			children = (
				1ACDF59817EFAA6900728054 /* ShortyTests.m */,
				1ACDF59317EFAA6900728054 /* Supporting Files */,
			);
			path = ShortyTests;
			sourceTree = "<group>";
		};
		1ACDF59317EFAA6900728054 /* Supporting Files */ = {
			isa = PBXGroup;
			children = (
				1ACDF59417EFAA6900728054 /* ShortyTests-Info.plist */,
				1ACDF59517EFAA6900728054 /* InfoPlist.strings */,
			);
			name = "Supporting Files";
			sourceTree = "<group>";
		};
/* End PBXGroup section */

/* Begin PBXNativeTarget section */
		1ACDF56617EFAA6900728054 /* Shorty */ = {
			isa = PBXNativeTarget;
			buildConfigurationList = 1ACDF59C17EFAA6900728054 /* Build configuration list for PBXNativeTarget "Shorty" */;
			buildPhases = (
				1ACDF56317EFAA6900728054 /* Sources */,
				1ACDF56417EFAA6900728054 /* Frameworks */,
				1ACDF56517EFAA6900728054 /* Resources */,
			);
			buildRules = (
			);
			dependencies = (
			);
			name = Shorty;
			productName = Shorty;
			productReference = 1ACDF56717EFAA6900728054 /* Shorty.app */;
			productType = "com.apple.product-type.application";
		};
		1ACDF58A17EFAA6900728054 /* ShortyTests */ = {
			isa = PBXNativeTarget;
			buildConfigurationList = 1ACDF59F17EFAA6900728054 /* Build configuration list for PBXNativeTarget "ShortyTests" */;
			buildPhases = (
				1ACDF58717EFAA6900728054 /* Sources */,
				1ACDF58817EFAA6900728054 /* Frameworks */,
				1ACDF58917EFAA6900728054 /* Resources */,
			);
			buildRules = (
			);
			dependencies = (
				1ACDF59117EFAA6900728054 /* PBXTargetDependency */,
			);
			name = ShortyTests;
			productName = ShortyTests;
			productReference = 1ACDF58B17EFAA6900728054 /* ShortyTests.xctest */;
			productType = "com.apple.product-type.bundle.unit-test";
		};
/* End PBXNativeTarget section */

/* Begin PBXProject section */
		1ACDF55F17EFAA6900728054 /* Project object */ = {
			isa = PBXProject;
			attributes = {
				CLASSPREFIX = SU;
				LastUpgradeCheck = 0510;
				ORGANIZATIONNAME = "New-Reign Interactive";
				TargetAttributes = {
					1ACDF56617EFAA6900728054 = {
						DevelopmentTeam = M3Q9PG8B76;
					};
					1ACDF58A17EFAA6900728054 = {
						TestTargetID = 1ACDF56617EFAA6900728054;
					};
				};
			};
			buildConfigurationList = 1ACDF56217EFAA6900728054 /* Build configuration list for PBXProject "Shorty" */;
			compatibilityVersion = "Xcode 3.2";
			developmentRegion = English;
			hasScannedForEncodings = 0;
			knownRegions = (
				en,
				Base,
			);
			mainGroup = 1ACDF55E17EFAA6900728054;
			productRefGroup = 1ACDF56817EFAA6900728054 /* Products */;
			projectDirPath = "";
			projectRoot = "";
			targets = (
				1ACDF56617EFAA6900728054 /* Shorty */,
				1ACDF58A17EFAA6900728054 /* ShortyTests */,
			);
		};
/* End PBXProject section */

/* Begin PBXResourcesBuildPhase section */
		1ACDF56517EFAA6900728054 /* Resources */ = {
			isa = PBXResourcesBuildPhase;
			buildActionMask = 2147483647;
			files = (
				1ACDF58117EFAA6900728054 /* Main_iPad.storyboard in Resources */,
				1ACDF58617EFAA6900728054 /* Images.xcassets in Resources */,
				1ACDF57E17EFAA6900728054 /* Main_iPhone.storyboard in Resources */,
				1ACDF57517EFAA6900728054 /* InfoPlist.strings in Resources */,
			);
			runOnlyForDeploymentPostprocessing = 0;
		};
		1ACDF58917EFAA6900728054 /* Resources */ = {
			isa = PBXResourcesBuildPhase;
			buildActionMask = 2147483647;
			files = (
				1ACDF59717EFAA6900728054 /* InfoPlist.strings in Resources */,
			);
			runOnlyForDeploymentPostprocessing = 0;
		};
/* End PBXResourcesBuildPhase section */

/* Begin PBXSourcesBuildPhase section */
		1ACDF56317EFAA6900728054 /* Sources */ = {
			isa = PBXSourcesBuildPhase;
			buildActionMask = 2147483647;
			files = (
				1ACDF58417EFAA6900728054 /* SUViewController.m in Sources */,
				1ACDF57B17EFAA6900728054 /* SUAppDelegate.m in Sources */,
				1ACDF57717EFAA6900728054 /* main.m in Sources */,
			);
			runOnlyForDeploymentPostprocessing = 0;
		};
		1ACDF58717EFAA6900728054 /* Sources */ = {
			isa = PBXSourcesBuildPhase;
			buildActionMask = 2147483647;
			files = (
				1ACDF59917EFAA6900728054 /* ShortyTests.m in Sources */,
			);
			runOnlyForDeploymentPostprocessing = 0;
		};
/* End PBXSourcesBuildPhase section */

/* Begin PBXTargetDependency section */
		1ACDF59117EFAA6900728054 /* PBXTargetDependency */ = {
			isa = PBXTargetDependency;
			target = 1ACDF56617EFAA6900728054 /* Shorty */;
			targetProxy = 1ACDF59017EFAA6900728054 /* PBXContainerItemProxy */;
		};
/* End PBXTargetDependency section */

/* Begin PBXVariantGroup section */
		1ACDF57317EFAA6900728054 /* InfoPlist.strings */ = {
			isa = PBXVariantGroup;
			children = (
				1ACDF57417EFAA6900728054 /* en */,
			);
			name = InfoPlist.strings;
			sourceTree = "<group>";
		};
		1ACDF57C17EFAA6900728054 /* Main_iPhone.storyboard */ = {
			isa = PBXVariantGroup;
			children = (
				1ACDF57D17EFAA6900728054 /* Base */,
			);
			name = Main_iPhone.storyboard;
			sourceTree = "<group>";
		};
		1ACDF57F17EFAA6900728054 /* Main_iPad.storyboard */ = {
			isa = PBXVariantGroup;
			children = (
				1ACDF58017EFAA6900728054 /* Base */,
			);
			name = Main_iPad.storyboard;
			sourceTree = "<group>";
		};
		1ACDF59517EFAA6900728054 /* InfoPlist.strings */ = {
			isa = PBXVariantGroup;
			children = (
				1ACDF59617EFAA6900728054 /* en */,
			);
			name = InfoPlist.strings;
			sourceTree = "<group>";
		};
/* End PBXVariantGroup section */

/* Begin XCBuildConfiguration section */
		1ACDF59A17EFAA6900728054 /* Debug */ = {
			isa = XCBuildConfiguration;
			buildSettings = {
				ALWAYS_SEARCH_USER_PATHS = NO;
				CLANG_CXX_LANGUAGE_STANDARD = "gnu++0x";
				CLANG_CXX_LIBRARY = "libc++";
				CLANG_ENABLE_MODULES = YES;
				CLANG_ENABLE_OBJC_ARC = YES;
				CLANG_WARN_BOOL_CONVERSION = YES;
				CLANG_WARN_CONSTANT_CONVERSION = YES;
				CLANG_WARN_DIRECT_OBJC_ISA_USAGE = YES_ERROR;
				CLANG_WARN_EMPTY_BODY = YES;
				CLANG_WARN_ENUM_CONVERSION = YES;
				CLANG_WARN_INT_CONVERSION = YES;
				CLANG_WARN_OBJC_ROOT_CLASS = YES_ERROR;
				CLANG_WARN__DUPLICATE_METHOD_MATCH = YES;
				"CODE_SIGN_IDENTITY[sdk=iphoneos*]" = "iPhone Developer";
				COPY_PHASE_STRIP = NO;
				GCC_C_LANGUAGE_STANDARD = gnu99;
				GCC_DYNAMIC_NO_PIC = NO;
				GCC_OPTIMIZATION_LEVEL = 0;
				GCC_PREPROCESSOR_DEFINITIONS = (
					"DEBUG=1",
					"$(inherited)",
				);
				GCC_SYMBOLS_PRIVATE_EXTERN = NO;
				GCC_WARN_64_TO_32_BIT_CONVERSION = YES;
				GCC_WARN_ABOUT_RETURN_TYPE = YES_ERROR;
				GCC_WARN_UNDECLARED_SELECTOR = YES;
				GCC_WARN_UNINITIALIZED_AUTOS = YES;
				GCC_WARN_UNUSED_FUNCTION = YES;
				GCC_WARN_UNUSED_VARIABLE = YES;
				IPHONEOS_DEPLOYMENT_TARGET = 7.0;
				ONLY_ACTIVE_ARCH = YES;
				SDKROOT = iphoneos;
				TARGETED_DEVICE_FAMILY = "1,2";
			};
			name = Debug;
		};
		1ACDF59B17EFAA6900728054 /* Release */ = {
			isa = XCBuildConfiguration;
			buildSettings = {
				ALWAYS_SEARCH_USER_PATHS = NO;
				CLANG_CXX_LANGUAGE_STANDARD = "gnu++0x";
				CLANG_CXX_LIBRARY = "libc++";
				CLANG_ENABLE_MODULES = YES;
				CLANG_ENABLE_OBJC_ARC = YES;
				CLANG_WARN_BOOL_CONVERSION = YES;
				CLANG_WARN_CONSTANT_CONVERSION = YES;
				CLANG_WARN_DIRECT_OBJC_ISA_USAGE = YES_ERROR;
				CLANG_WARN_EMPTY_BODY = YES;
				CLANG_WARN_ENUM_CONVERSION = YES;
				CLANG_WARN_INT_CONVERSION = YES;
				CLANG_WARN_OBJC_ROOT_CLASS = YES_ERROR;
				CLANG_WARN__DUPLICATE_METHOD_MATCH = YES;
				"CODE_SIGN_IDENTITY[sdk=iphoneos*]" = "iPhone Developer";
				COPY_PHASE_STRIP = YES;
				ENABLE_NS_ASSERTIONS = NO;
				GCC_C_LANGUAGE_STANDARD = gnu99;
				GCC_WARN_64_TO_32_BIT_CONVERSION = YES;
				GCC_WARN_ABOUT_RETURN_TYPE = YES_ERROR;
				GCC_WARN_UNDECLARED_SELECTOR = YES;
				GCC_WARN_UNINITIALIZED_AUTOS = YES;
				GCC_WARN_UNUSED_FUNCTION = YES;
				GCC_WARN_UNUSED_VARIABLE = YES;
				IPHONEOS_DEPLOYMENT_TARGET = 7.0;
				SDKROOT = iphoneos;
				TARGETED_DEVICE_FAMILY = "1,2";
				VALIDATE_PRODUCT = YES;
			};
			name = Release;
		};
		1ACDF59D17EFAA6900728054 /* Debug */ = {
			isa = XCBuildConfiguration;
			buildSettings = {
				ASSETCATALOG_COMPILER_APPICON_NAME = AppIcon;
				ASSETCATALOG_COMPILER_LAUNCHIMAGE_NAME = LaunchImage;
				CODE_SIGN_IDENTITY = "iPhone Developer";
				GCC_PRECOMPILE_PREFIX_HEADER = YES;
				GCC_PREFIX_HEADER = "Shorty/Shorty-Prefix.pch";
				INFOPLIST_FILE = "Shorty/Shorty-Info.plist";
				PRODUCT_NAME = "$(TARGET_NAME)";
				WRAPPER_EXTENSION = app;
			};
			name = Debug;
		};
		1ACDF59E17EFAA6900728054 /* Release */ = {
			isa = XCBuildConfiguration;
			buildSettings = {
				ASSETCATALOG_COMPILER_APPICON_NAME = AppIcon;
				ASSETCATALOG_COMPILER_LAUNCHIMAGE_NAME = LaunchImage;
				CODE_SIGN_IDENTITY = "iPhone Developer";
				GCC_PRECOMPILE_PREFIX_HEADER = YES;
				GCC_PREFIX_HEADER = "Shorty/Shorty-Prefix.pch";
				INFOPLIST_FILE = "Shorty/Shorty-Info.plist";
				PRODUCT_NAME = "$(TARGET_NAME)";
				WRAPPER_EXTENSION = app;
			};
			name = Release;
		};
		1ACDF5A017EFAA6900728054 /* Debug */ = {
			isa = XCBuildConfiguration;
			buildSettings = {
				BUNDLE_LOADER = "$(BUILT_PRODUCTS_DIR)/Shorty.app/Shorty";
				FRAMEWORK_SEARCH_PATHS = (
					"$(SDKROOT)/Developer/Library/Frameworks",
					"$(inherited)",
					"$(DEVELOPER_FRAMEWORKS_DIR)",
				);
				GCC_PRECOMPILE_PREFIX_HEADER = YES;
				GCC_PREFIX_HEADER = "Shorty/Shorty-Prefix.pch";
				GCC_PREPROCESSOR_DEFINITIONS = (
					"DEBUG=1",
					"$(inherited)",
				);
				INFOPLIST_FILE = "ShortyTests/ShortyTests-Info.plist";
				PRODUCT_NAME = "$(TARGET_NAME)";
				TEST_HOST = "$(BUNDLE_LOADER)";
				WRAPPER_EXTENSION = xctest;
			};
			name = Debug;
		};
		1ACDF5A117EFAA6900728054 /* Release */ = {
			isa = XCBuildConfiguration;
			buildSettings = {
				BUNDLE_LOADER = "$(BUILT_PRODUCTS_DIR)/Shorty.app/Shorty";
				FRAMEWORK_SEARCH_PATHS = (
					"$(SDKROOT)/Developer/Library/Frameworks",
					"$(inherited)",
					"$(DEVELOPER_FRAMEWORKS_DIR)",
				);
				GCC_PRECOMPILE_PREFIX_HEADER = YES;
				GCC_PREFIX_HEADER = "Shorty/Shorty-Prefix.pch";
				INFOPLIST_FILE = "ShortyTests/ShortyTests-Info.plist";
				PRODUCT_NAME = "$(TARGET_NAME)";
				TEST_HOST = "$(BUNDLE_LOADER)";
				WRAPPER_EXTENSION = xctest;
			};
			name = Release;
		};
/* End XCBuildConfiguration section */

/* Begin XCConfigurationList section */
		1ACDF56217EFAA6900728054 /* Build configuration list for PBXProject "Shorty" */ = {
			isa = XCConfigurationList;
			buildConfigurations = (
				1ACDF59A17EFAA6900728054 /* Debug */,
				1ACDF59B17EFAA6900728054 /* Release */,
			);
			defaultConfigurationIsVisible = 0;
			defaultConfigurationName = Release;
		};
		1ACDF59C17EFAA6900728054 /* Build configuration list for PBXNativeTarget "Shorty" */ = {
			isa = XCConfigurationList;
			buildConfigurations = (
				1ACDF59D17EFAA6900728054 /* Debug */,
				1ACDF59E17EFAA6900728054 /* Release */,
			);
			defaultConfigurationIsVisible = 0;
			defaultConfigurationName = Release;
		};
		1ACDF59F17EFAA6900728054 /* Build configuration list for PBXNativeTarget "ShortyTests" */ = {
			isa = XCConfigurationList;
			buildConfigurations = (
				1ACDF5A017EFAA6900728054 /* Debug */,
				1ACDF5A117EFAA6900728054 /* Release */,
			);
			defaultConfigurationIsVisible = 0;
			defaultConfigurationName = Release;
		};
/* End XCConfigurationList section */
	};
	rootObject = 1ACDF55F17EFAA6900728054 /* Project object */;
}
